<?xml version="1.0" encoding="UTF-8" standalone="yes" ?>
<CodeBlocks_project_file>
	<FileVersion major="1" minor="6" />
	<Project>
		<Option title="yo" />
		<Option pch_mode="2" />
		<Option compiler="gcc" />
		<Build>
			<Target title="Debug">
				<Option output="bin/Debug/yo" prefix_auto="1" extension_auto="1" />
				<Option object_output="obj/Debug/" />
				<Option type="1" />
				<Option compiler="gcc" />
				<Compiler>
					<Add option="-g" />
					<Add option="-DGLEW_STATIC" />
					<Add directory="freeglut/include" />
					<Add directory="glew-1.10.0/include" />
				</Compiler>
				<Linker>
					<Add library="libfreeglut.a" />
					<Add library="opengl32" />
					<Add directory="freeglut/lib" />
					<Add directory="freeglut/bin" />
				</Linker>
			</Target>
			<Target title="Release">
				<Option output="bin/Release/yo" prefix_auto="1" extension_auto="1" />
				<Option object_output="obj/Release/" />
				<Option type="1" />
				<Option compiler="gcc" />
				<Compiler>
					<Add option="-O2" />
				</Compiler>
				<Linker>
					<Add option="-s" />
				</Linker>
			</Target>
		</Build>
		<Compiler>
			<Add option="-Wall" />
			<Add option="-fexceptions" />
			<Add directory="freeglut/include" />
		</Compiler>
		<Linker>
			<Add library="libfreeglut.a" />
			<Add library="opengl32" />
		</Linker>
		<Unit filename="app.cpp" />
		<Unit filename="app.h" />
		<Unit filename="common.cpp" />
		<Unit filename="common.h" />
		<Unit filename="glew-1.10.0/src/glew.c">
			<Option compilerVar="CC" />
		</Unit>
		<Unit filename="main.cpp" />
		<Extensions>
			<code_completion />
			<envvars />
			<debugger />
			<lib_finder disable_auto="1" />
		</Extensions>
	</Project>
</CodeBlocks_project_file>
